{
  "version": 4,
  "terraform_version": "1.8.0",
  "serial": 62,
  "lineage": "aaa4915e-f681-198a-2c28-4b70e74300fa",
  "outputs": {},
  "resources": [
    {
      "mode": "data",
      "type": "aws_iam_policy_document",
      "name": "lambda_policy_doc",
      "provider": "provider[\"registry.terraform.io/hashicorp/aws\"]",
      "instances": [
        {
          "schema_version": 0,
          "attributes": {
            "id": "3693445097",
            "json": "{\n  \"Version\": \"2012-10-17\",\n  \"Statement\": [\n    {\n      \"Sid\": \"\",\n      \"Effect\": \"Allow\",\n      \"Action\": \"sts:AssumeRole\",\n      \"Principal\": {\n        \"Service\": \"lambda.amazonaws.com\"\n      }\n    }\n  ]\n}",
            "override_json": null,
            "override_policy_documents": null,
            "policy_id": null,
            "source_json": null,
            "source_policy_documents": null,
            "statement": [
              {
                "actions": [
                  "sts:AssumeRole"
                ],
                "condition": [],
                "effect": "Allow",
                "not_actions": [],
                "not_principals": [],
                "not_resources": [],
                "principals": [
                  {
                    "identifiers": [
                      "lambda.amazonaws.com"
                    ],
                    "type": "Service"
                  }
                ],
                "resources": [],
                "sid": ""
              }
            ],
            "version": "2012-10-17"
          },
          "sensitive_attributes": []
        }
      ]
    },
    {
      "mode": "managed",
      "type": "aws_api_gateway_deployment",
      "name": "api_deployment",
      "provider": "provider[\"registry.terraform.io/hashicorp/aws\"]",
      "instances": [
        {
          "schema_version": 0,
          "attributes": {
            "created_date": "2024-04-13T05:39:27Z",
            "description": "",
            "execution_arn": "arn:aws:execute-api:us-west-2:048783152776:mdrf423z7i/v1",
            "id": "hb0v2t",
            "invoke_url": "https://mdrf423z7i.execute-api.us-west-2.amazonaws.com/v1",
            "rest_api_id": "mdrf423z7i",
            "stage_description": null,
            "stage_name": "v1",
            "triggers": null,
            "variables": null
          },
          "sensitive_attributes": [],
          "private": "bnVsbA==",
          "dependencies": [
            "aws_api_gateway_integration.api_integration",
            "aws_api_gateway_method.api_method",
            "aws_api_gateway_resource.api_resource",
            "aws_api_gateway_rest_api.api_gateway",
            "aws_iam_role.lambda_execution_role",
            "aws_lambda_function.search_lambda",
            "data.aws_iam_policy_document.lambda_policy_doc"
          ]
        }
      ]
    },
    {
      "mode": "managed",
      "type": "aws_api_gateway_integration",
      "name": "api_integration",
      "provider": "provider[\"registry.terraform.io/hashicorp/aws\"]",
      "instances": [
        {
          "index_key": "author",
          "schema_version": 0,
          "attributes": {
            "cache_key_parameters": [],
            "cache_namespace": "x4ez7p",
            "connection_id": "",
            "connection_type": "INTERNET",
            "content_handling": "",
            "credentials": "",
            "http_method": "GET",
            "id": "agi-mdrf423z7i-x4ez7p-GET",
            "integration_http_method": "POST",
            "passthrough_behavior": "WHEN_NO_MATCH",
            "request_parameters": {},
            "request_templates": {},
            "resource_id": "x4ez7p",
            "rest_api_id": "mdrf423z7i",
            "timeout_milliseconds": 29000,
            "tls_config": [],
            "type": "AWS_PROXY",
            "uri": "arn:aws:apigateway:us-west-2:lambda:path/2015-03-31/functions/arn:aws:lambda:us-west-2:048783152776:function:authorSearch/invocations"
          },
          "sensitive_attributes": [],
          "private": "bnVsbA==",
          "dependencies": [
            "aws_api_gateway_method.api_method",
            "aws_api_gateway_resource.api_resource",
            "aws_api_gateway_rest_api.api_gateway",
            "aws_iam_role.lambda_execution_role",
            "aws_lambda_function.search_lambda",
            "data.aws_iam_policy_document.lambda_policy_doc"
          ]
        },
        {
          "index_key": "title",
          "schema_version": 0,
          "attributes": {
            "cache_key_parameters": [],
            "cache_namespace": "l5ci0n",
            "connection_id": "",
            "connection_type": "INTERNET",
            "content_handling": "",
            "credentials": "",
            "http_method": "GET",
            "id": "agi-mdrf423z7i-l5ci0n-GET",
            "integration_http_method": "POST",
            "passthrough_behavior": "WHEN_NO_MATCH",
            "request_parameters": {},
            "request_templates": {},
            "resource_id": "l5ci0n",
            "rest_api_id": "mdrf423z7i",
            "timeout_milliseconds": 29000,
            "tls_config": [],
            "type": "AWS_PROXY",
            "uri": "arn:aws:apigateway:us-west-2:lambda:path/2015-03-31/functions/arn:aws:lambda:us-west-2:048783152776:function:titleSearch/invocations"
          },
          "sensitive_attributes": [],
          "private": "bnVsbA==",
          "dependencies": [
            "aws_api_gateway_method.api_method",
            "aws_api_gateway_resource.api_resource",
            "aws_api_gateway_rest_api.api_gateway",
            "aws_iam_role.lambda_execution_role",
            "aws_lambda_function.search_lambda",
            "data.aws_iam_policy_document.lambda_policy_doc"
          ]
        },
        {
          "index_key": "topic",
          "schema_version": 0,
          "attributes": {
            "cache_key_parameters": [],
            "cache_namespace": "e69wft",
            "connection_id": "",
            "connection_type": "INTERNET",
            "content_handling": "",
            "credentials": "",
            "http_method": "GET",
            "id": "agi-mdrf423z7i-e69wft-GET",
            "integration_http_method": "POST",
            "passthrough_behavior": "WHEN_NO_MATCH",
            "request_parameters": {},
            "request_templates": {},
            "resource_id": "e69wft",
            "rest_api_id": "mdrf423z7i",
            "timeout_milliseconds": 29000,
            "tls_config": [],
            "type": "AWS_PROXY",
            "uri": "arn:aws:apigateway:us-west-2:lambda:path/2015-03-31/functions/arn:aws:lambda:us-west-2:048783152776:function:topicSearch/invocations"
          },
          "sensitive_attributes": [],
          "private": "bnVsbA==",
          "dependencies": [
            "aws_api_gateway_method.api_method",
            "aws_api_gateway_resource.api_resource",
            "aws_api_gateway_rest_api.api_gateway",
            "aws_iam_role.lambda_execution_role",
            "aws_lambda_function.search_lambda",
            "data.aws_iam_policy_document.lambda_policy_doc"
          ]
        }
      ]
    },
    {
      "mode": "managed",
      "type": "aws_api_gateway_method",
      "name": "api_method",
      "provider": "provider[\"registry.terraform.io/hashicorp/aws\"]",
      "instances": [
        {
          "index_key": "author",
          "schema_version": 0,
          "attributes": {
            "api_key_required": false,
            "authorization": "NONE",
            "authorization_scopes": [],
            "authorizer_id": "",
            "http_method": "GET",
            "id": "agm-mdrf423z7i-x4ez7p-GET",
            "operation_name": "",
            "request_models": {},
            "request_parameters": {},
            "request_validator_id": "",
            "resource_id": "x4ez7p",
            "rest_api_id": "mdrf423z7i"
          },
          "sensitive_attributes": [],
          "private": "bnVsbA==",
          "dependencies": [
            "aws_api_gateway_resource.api_resource",
            "aws_api_gateway_rest_api.api_gateway"
          ]
        },
        {
          "index_key": "title",
          "schema_version": 0,
          "attributes": {
            "api_key_required": false,
            "authorization": "NONE",
            "authorization_scopes": [],
            "authorizer_id": "",
            "http_method": "GET",
            "id": "agm-mdrf423z7i-l5ci0n-GET",
            "operation_name": "",
            "request_models": {},
            "request_parameters": {},
            "request_validator_id": "",
            "resource_id": "l5ci0n",
            "rest_api_id": "mdrf423z7i"
          },
          "sensitive_attributes": [],
          "private": "bnVsbA==",
          "dependencies": [
            "aws_api_gateway_resource.api_resource",
            "aws_api_gateway_rest_api.api_gateway"
          ]
        },
        {
          "index_key": "topic",
          "schema_version": 0,
          "attributes": {
            "api_key_required": false,
            "authorization": "NONE",
            "authorization_scopes": [],
            "authorizer_id": "",
            "http_method": "GET",
            "id": "agm-mdrf423z7i-e69wft-GET",
            "operation_name": "",
            "request_models": {},
            "request_parameters": {},
            "request_validator_id": "",
            "resource_id": "e69wft",
            "rest_api_id": "mdrf423z7i"
          },
          "sensitive_attributes": [],
          "private": "bnVsbA==",
          "dependencies": [
            "aws_api_gateway_resource.api_resource",
            "aws_api_gateway_rest_api.api_gateway"
          ]
        }
      ]
    },
    {
      "mode": "managed",
      "type": "aws_api_gateway_resource",
      "name": "api_resource",
      "provider": "provider[\"registry.terraform.io/hashicorp/aws\"]",
      "instances": [
        {
          "index_key": "author",
          "schema_version": 0,
          "attributes": {
            "id": "x4ez7p",
            "parent_id": "e3vu46xen8",
            "path": "/author",
            "path_part": "author",
            "rest_api_id": "mdrf423z7i"
          },
          "sensitive_attributes": [],
          "private": "bnVsbA==",
          "dependencies": [
            "aws_api_gateway_rest_api.api_gateway"
          ]
        },
        {
          "index_key": "title",
          "schema_version": 0,
          "attributes": {
            "id": "l5ci0n",
            "parent_id": "e3vu46xen8",
            "path": "/title",
            "path_part": "title",
            "rest_api_id": "mdrf423z7i"
          },
          "sensitive_attributes": [],
          "private": "bnVsbA==",
          "dependencies": [
            "aws_api_gateway_rest_api.api_gateway"
          ]
        },
        {
          "index_key": "topic",
          "schema_version": 0,
          "attributes": {
            "id": "e69wft",
            "parent_id": "e3vu46xen8",
            "path": "/topic",
            "path_part": "topic",
            "rest_api_id": "mdrf423z7i"
          },
          "sensitive_attributes": [],
          "private": "bnVsbA==",
          "dependencies": [
            "aws_api_gateway_rest_api.api_gateway"
          ]
        }
      ]
    },
    {
      "mode": "managed",
      "type": "aws_api_gateway_rest_api",
      "name": "api_gateway",
      "provider": "provider[\"registry.terraform.io/hashicorp/aws\"]",
      "instances": [
        {
          "schema_version": 0,
          "attributes": {
            "api_key_source": "HEADER",
            "arn": "arn:aws:apigateway:us-west-2::/restapis/mdrf423z7i",
            "binary_media_types": [],
            "body": null,
            "created_date": "2024-04-13T05:37:52Z",
            "description": "Gateway for final project",
            "disable_execute_api_endpoint": false,
            "endpoint_configuration": [
              {
                "types": [
                  "EDGE"
                ],
                "vpc_endpoint_ids": []
              }
            ],
            "execution_arn": "arn:aws:execute-api:us-west-2:048783152776:mdrf423z7i",
            "fail_on_warnings": null,
            "id": "mdrf423z7i",
            "minimum_compression_size": -1,
            "name": "204-final-gateway",
            "parameters": null,
            "policy": "",
            "put_rest_api_mode": null,
            "root_resource_id": "e3vu46xen8",
            "tags": {},
            "tags_all": {}
          },
          "sensitive_attributes": [],
          "private": "bnVsbA=="
        }
      ]
    },
    {
      "mode": "managed",
      "type": "aws_iam_role",
      "name": "lambda_execution_role",
      "provider": "provider[\"registry.terraform.io/hashicorp/aws\"]",
      "instances": [
        {
          "schema_version": 0,
          "attributes": {
            "arn": "arn:aws:iam::048783152776:role/lambda_execution_role",
            "assume_role_policy": "{\"Statement\":[{\"Action\":\"sts:AssumeRole\",\"Effect\":\"Allow\",\"Principal\":{\"Service\":\"lambda.amazonaws.com\"},\"Sid\":\"\"}],\"Version\":\"2012-10-17\"}",
            "create_date": "2024-04-13T05:37:52Z",
            "description": "",
            "force_detach_policies": false,
            "id": "lambda_execution_role",
            "inline_policy": [],
            "managed_policy_arns": [],
            "max_session_duration": 3600,
            "name": "lambda_execution_role",
            "name_prefix": "",
            "path": "/",
            "permissions_boundary": null,
            "role_last_used": [
              {
                "last_used_date": "",
                "region": ""
              }
            ],
            "tags": {},
            "tags_all": {},
            "unique_id": "AROAQWW5T22ECDCTP2BNB"
          },
          "sensitive_attributes": [],
          "private": "bnVsbA==",
          "dependencies": [
            "data.aws_iam_policy_document.lambda_policy_doc"
          ]
        }
      ]
    },
    {
      "mode": "managed",
      "type": "aws_lambda_function",
      "name": "search_lambda",
      "provider": "provider[\"registry.terraform.io/hashicorp/aws\"]",
      "instances": [
        {
          "index_key": "author",
          "schema_version": 0,
          "attributes": {
            "architectures": [
              "x86_64"
            ],
            "arn": "arn:aws:lambda:us-west-2:048783152776:function:authorSearch",
            "code_signing_config_arn": "",
            "dead_letter_config": [],
            "description": "",
            "environment": [],
            "ephemeral_storage": [
              {
                "size": 512
              }
            ],
            "file_system_config": [],
            "filename": "target/module-14.jar",
            "function_name": "authorSearch",
            "handler": "app.net.lambda.AuthorSearchHandler::handleRequest",
            "id": "authorSearch",
            "image_config": [],
            "image_uri": "",
            "invoke_arn": "arn:aws:apigateway:us-west-2:lambda:path/2015-03-31/functions/arn:aws:lambda:us-west-2:048783152776:function:authorSearch/invocations",
            "kms_key_arn": "",
            "last_modified": "2024-04-13T05:51:01.751+0000",
            "layers": null,
            "memory_size": 128,
            "package_type": "Zip",
            "publish": false,
            "qualified_arn": "arn:aws:lambda:us-west-2:048783152776:function:authorSearch:$LATEST",
            "qualified_invoke_arn": "arn:aws:apigateway:us-west-2:lambda:path/2015-03-31/functions/arn:aws:lambda:us-west-2:048783152776:function:authorSearch:$LATEST/invocations",
            "replace_security_groups_on_destroy": null,
            "replacement_security_group_ids": null,
            "reserved_concurrent_executions": -1,
            "role": "arn:aws:iam::048783152776:role/lambda_execution_role",
            "runtime": "java17",
            "s3_bucket": null,
            "s3_key": null,
            "s3_object_version": null,
            "signing_job_arn": "",
            "signing_profile_version_arn": "",
            "skip_destroy": false,
            "snap_start": [],
            "source_code_hash": "A9DONnFcTRWmokyg1N3+Pfsr2s0VTCh7I/0weBRa2Ng=",
            "source_code_size": 22418,
            "tags": null,
            "tags_all": {},
            "timeout": 3,
            "timeouts": null,
            "tracing_config": [
              {
                "mode": "PassThrough"
              }
            ],
            "version": "$LATEST",
            "vpc_config": []
          },
          "sensitive_attributes": [],
          "private": "eyJlMmJmYjczMC1lY2FhLTExZTYtOGY4OC0zNDM2M2JjN2M0YzAiOnsiY3JlYXRlIjo2MDAwMDAwMDAwMDAsImRlbGV0ZSI6NjAwMDAwMDAwMDAwLCJ1cGRhdGUiOjYwMDAwMDAwMDAwMH19",
          "dependencies": [
            "aws_iam_role.lambda_execution_role",
            "data.aws_iam_policy_document.lambda_policy_doc"
          ]
        },
        {
          "index_key": "title",
          "schema_version": 0,
          "attributes": {
            "architectures": [
              "x86_64"
            ],
            "arn": "arn:aws:lambda:us-west-2:048783152776:function:titleSearch",
            "code_signing_config_arn": "",
            "dead_letter_config": [],
            "description": "",
            "environment": [],
            "ephemeral_storage": [
              {
                "size": 512
              }
            ],
            "file_system_config": [],
            "filename": "target/module-14.jar",
            "function_name": "titleSearch",
            "handler": "app.net.lambda.TitleSearchHandler::handleRequest",
            "id": "titleSearch",
            "image_config": [],
            "image_uri": "",
            "invoke_arn": "arn:aws:apigateway:us-west-2:lambda:path/2015-03-31/functions/arn:aws:lambda:us-west-2:048783152776:function:titleSearch/invocations",
            "kms_key_arn": "",
            "last_modified": "2024-04-13T05:51:07.385+0000",
            "layers": null,
            "memory_size": 128,
            "package_type": "Zip",
            "publish": false,
            "qualified_arn": "arn:aws:lambda:us-west-2:048783152776:function:titleSearch:$LATEST",
            "qualified_invoke_arn": "arn:aws:apigateway:us-west-2:lambda:path/2015-03-31/functions/arn:aws:lambda:us-west-2:048783152776:function:titleSearch:$LATEST/invocations",
            "replace_security_groups_on_destroy": null,
            "replacement_security_group_ids": null,
            "reserved_concurrent_executions": -1,
            "role": "arn:aws:iam::048783152776:role/lambda_execution_role",
            "runtime": "java17",
            "s3_bucket": null,
            "s3_key": null,
            "s3_object_version": null,
            "signing_job_arn": "",
            "signing_profile_version_arn": "",
            "skip_destroy": false,
            "snap_start": [],
            "source_code_hash": "A9DONnFcTRWmokyg1N3+Pfsr2s0VTCh7I/0weBRa2Ng=",
            "source_code_size": 22418,
            "tags": null,
            "tags_all": {},
            "timeout": 3,
            "timeouts": null,
            "tracing_config": [
              {
                "mode": "PassThrough"
              }
            ],
            "version": "$LATEST",
            "vpc_config": []
          },
          "sensitive_attributes": [],
          "private": "eyJlMmJmYjczMC1lY2FhLTExZTYtOGY4OC0zNDM2M2JjN2M0YzAiOnsiY3JlYXRlIjo2MDAwMDAwMDAwMDAsImRlbGV0ZSI6NjAwMDAwMDAwMDAwLCJ1cGRhdGUiOjYwMDAwMDAwMDAwMH19",
          "dependencies": [
            "aws_iam_role.lambda_execution_role",
            "data.aws_iam_policy_document.lambda_policy_doc"
          ]
        },
        {
          "index_key": "topic",
          "schema_version": 0,
          "attributes": {
            "architectures": [
              "x86_64"
            ],
            "arn": "arn:aws:lambda:us-west-2:048783152776:function:topicSearch",
            "code_signing_config_arn": "",
            "dead_letter_config": [],
            "description": "",
            "environment": [],
            "ephemeral_storage": [
              {
                "size": 512
              }
            ],
            "file_system_config": [],
            "filename": "target/module-14.jar",
            "function_name": "topicSearch",
            "handler": "app.net.lambda.TopicSearchHandler::handleRequest",
            "id": "topicSearch",
            "image_config": [],
            "image_uri": "",
            "invoke_arn": "arn:aws:apigateway:us-west-2:lambda:path/2015-03-31/functions/arn:aws:lambda:us-west-2:048783152776:function:topicSearch/invocations",
            "kms_key_arn": "",
            "last_modified": "2024-04-13T05:50:56.196+0000",
            "layers": null,
            "memory_size": 128,
            "package_type": "Zip",
            "publish": false,
            "qualified_arn": "arn:aws:lambda:us-west-2:048783152776:function:topicSearch:$LATEST",
            "qualified_invoke_arn": "arn:aws:apigateway:us-west-2:lambda:path/2015-03-31/functions/arn:aws:lambda:us-west-2:048783152776:function:topicSearch:$LATEST/invocations",
            "replace_security_groups_on_destroy": null,
            "replacement_security_group_ids": null,
            "reserved_concurrent_executions": -1,
            "role": "arn:aws:iam::048783152776:role/lambda_execution_role",
            "runtime": "java17",
            "s3_bucket": null,
            "s3_key": null,
            "s3_object_version": null,
            "signing_job_arn": "",
            "signing_profile_version_arn": "",
            "skip_destroy": false,
            "snap_start": [],
            "source_code_hash": "A9DONnFcTRWmokyg1N3+Pfsr2s0VTCh7I/0weBRa2Ng=",
            "source_code_size": 22418,
            "tags": null,
            "tags_all": {},
            "timeout": 3,
            "timeouts": null,
            "tracing_config": [
              {
                "mode": "PassThrough"
              }
            ],
            "version": "$LATEST",
            "vpc_config": []
          },
          "sensitive_attributes": [],
          "private": "eyJlMmJmYjczMC1lY2FhLTExZTYtOGY4OC0zNDM2M2JjN2M0YzAiOnsiY3JlYXRlIjo2MDAwMDAwMDAwMDAsImRlbGV0ZSI6NjAwMDAwMDAwMDAwLCJ1cGRhdGUiOjYwMDAwMDAwMDAwMH19",
          "dependencies": [
            "aws_iam_role.lambda_execution_role",
            "data.aws_iam_policy_document.lambda_policy_doc"
          ]
        }
      ]
    },
    {
      "mode": "managed",
      "type": "aws_lambda_permission",
      "name": "api_lambda_permission",
      "provider": "provider[\"registry.terraform.io/hashicorp/aws\"]",
      "instances": [
        {
          "index_key": "author",
          "schema_version": 0,
          "attributes": {
            "action": "lambda:InvokeFunction",
            "event_source_token": null,
            "function_name": "authorSearch",
            "function_url_auth_type": null,
            "id": "terraform-20240413055112758000000003",
            "principal": "apigateway.amazonaws.com",
            "principal_org_id": null,
            "qualifier": "",
            "source_account": null,
            "source_arn": "arn:aws:execute-api:us-west-2:048783152776:mdrf423z7i/*/GET/author",
            "statement_id": "terraform-20240413055112758000000003",
            "statement_id_prefix": "terraform-"
          },
          "sensitive_attributes": [],
          "private": "bnVsbA==",
          "dependencies": [
            "aws_api_gateway_method.api_method",
            "aws_api_gateway_resource.api_resource",
            "aws_api_gateway_rest_api.api_gateway",
            "aws_iam_role.lambda_execution_role",
            "aws_lambda_function.search_lambda",
            "data.aws_iam_policy_document.lambda_policy_doc"
          ]
        },
        {
          "index_key": "title",
          "schema_version": 0,
          "attributes": {
            "action": "lambda:InvokeFunction",
            "event_source_token": null,
            "function_name": "titleSearch",
            "function_url_auth_type": null,
            "id": "terraform-20240413055112757500000001",
            "principal": "apigateway.amazonaws.com",
            "principal_org_id": null,
            "qualifier": "",
            "source_account": null,
            "source_arn": "arn:aws:execute-api:us-west-2:048783152776:mdrf423z7i/*/GET/title",
            "statement_id": "terraform-20240413055112757500000001",
            "statement_id_prefix": "terraform-"
          },
          "sensitive_attributes": [],
          "private": "bnVsbA==",
          "dependencies": [
            "aws_api_gateway_method.api_method",
            "aws_api_gateway_resource.api_resource",
            "aws_api_gateway_rest_api.api_gateway",
            "aws_iam_role.lambda_execution_role",
            "aws_lambda_function.search_lambda",
            "data.aws_iam_policy_document.lambda_policy_doc"
          ]
        },
        {
          "index_key": "topic",
          "schema_version": 0,
          "attributes": {
            "action": "lambda:InvokeFunction",
            "event_source_token": null,
            "function_name": "topicSearch",
            "function_url_auth_type": null,
            "id": "terraform-20240413055112758000000002",
            "principal": "apigateway.amazonaws.com",
            "principal_org_id": null,
            "qualifier": "",
            "source_account": null,
            "source_arn": "arn:aws:execute-api:us-west-2:048783152776:mdrf423z7i/*/GET/topic",
            "statement_id": "terraform-20240413055112758000000002",
            "statement_id_prefix": "terraform-"
          },
          "sensitive_attributes": [],
          "private": "bnVsbA==",
          "dependencies": [
            "aws_api_gateway_method.api_method",
            "aws_api_gateway_resource.api_resource",
            "aws_api_gateway_rest_api.api_gateway",
            "aws_iam_role.lambda_execution_role",
            "aws_lambda_function.search_lambda",
            "data.aws_iam_policy_document.lambda_policy_doc"
          ]
        }
      ]
    }
  ],
  "check_results": null
}
